
Microsoft Visual Studio Solution File, Format Version 12.00
# Visual Studio Version 17
VisualStudioVersion = 17.14.36915.13 d17.14
MinimumVisualStudioVersion = 10.0.40219.1
Project("{FAE04EC0-301F-11D3-BF4B-00C04F79EFBC}") = "HomeOS", "HomeOS\HomeOS.csproj", "{67470E51-3A4F-4171-A6E1-F7ACFFC796F6}"
EndProject
Global
	GlobalSection(SolutionConfigurationPlatforms) = preSolution
		Debug|Any CPU = Debug|Any CPU
		Release|Any CPU = Release|Any CPU
	EndGlobalSection
	GlobalSection(ProjectConfigurationPlatforms) = postSolution
		{67470E51-3A4F-4171-A6E1-F7ACFFC796F6}.Debug|Any CPU.ActiveCfg = Debug|Any CPU
		{67470E51-3A4F-4171-A6E1-F7ACFFC796F6}.Debug|Any CPU.Build.0 = Debug|Any CPU
		{67470E51-3A4F-4171-A6E1-F7ACFFC796F6}.Release|Any CPU.ActiveCfg = Release|Any CPU
		{67470E51-3A4F-4171-A6E1-F7ACFFC796F6}.Release|Any CPU.Build.0 = Release|Any CPU
	EndGlobalSection
	GlobalSection(SolutionProperties) = preSolution
		HideSolutionNode = FALSE
	EndGlobalSection
	GlobalSection(ExtensibilityGlobals) = postSolution
		SolutionGuid = {3A70C47E-2D0F-4706-85D2-2C559C9101AD}
	EndGlobalSection
EndGlobal
